schema: '2.0'
stages:
  preprocess:
    cmd: uv run scripts/preprocess.py
    deps:
    - path: data/raw/customers.csv
      hash: md5
      md5: ce77b124824f9c4caa9b3d7df215834f
      size: 769389
    - path: scripts/preprocess.py
      hash: md5
      md5: 3469d33b7ced1349fb74686edb05ee7d
      size: 2653
    outs:
    - path: data/processed/customers_cleaned.csv
      hash: md5
      md5: d98c8a470ac9b71757671b6fa574fa03
      size: 1246910
  train:
    cmd: uv run scripts/train.py
    deps:
    - path: data/processed/customers_cleaned.csv
      hash: md5
      md5: d98c8a470ac9b71757671b6fa574fa03
      size: 1246910
    - path: params.yaml
      hash: md5
      md5: 78cfe4a736cf313360d3e993592b543c
      size: 413
    - path: scripts/train.py
      hash: md5
      md5: 740a5671f5290277a3386299cd4e8bdd
      size: 5232
    params:
      params.yaml:
        data:
          test_size: 0.2
          random_state: 42
          target_column: churn
          data_path: 
            /home/dawood-ml/DataVersionControl/data/processed/customers_cleaned.csv
        mlflow:
          experiment_name: customer-churn-prediction
          model_registry_name: customer-churn-classifier
          promotion_threshold: 0.005
        model:
          n_estimators: 3150
          max_depth: 16
          min_sample_split: 5
          min_sample_leaf: 2
          class_weight: balanced
          random_state: 42
    outs:
    - path: models/random_forest.pkl
      hash: md5
      md5: 6bf16ad5c8c76288cedf60ccc24df4c3
      size: 357001773
  evaluate:
    cmd: uv run python scripts/evaluate.py
    deps:
    - path: data/processed/customers_cleaned.csv
      hash: md5
      md5: d98c8a470ac9b71757671b6fa574fa03
      size: 1246910
    - path: metrics/mlflow_run_id.txt
      hash: md5
      md5: cf8ede3506d921155e99f5619b737cfd
      size: 32
    - path: models/random_forest.pkl
      hash: md5
      md5: 6bf16ad5c8c76288cedf60ccc24df4c3
      size: 357001773
    - path: scripts/evaluate.py
      hash: md5
      md5: f1d6a8aec72ef8b7e63f38fd8c35324c
      size: 7350
    outs:
    - path: metrics/eval_metrics.json
      hash: md5
      md5: 1143a144393469985e31147583286b9a
      size: 99
